
Microsoft Visual Studio Solution File, Format Version 12.00
# Visual Studio Version 17
VisualStudioVersion = 17.5.33502.453
MinimumVisualStudioVersion = 10.0.40219.1
Project("{9A19103F-16F7-4668-BE54-9A1E7A4F7556}") = "MyAPI", "MyAPI\MyAPI.csproj", "{1DA27D3B-D624-460C-A15A-6B6208E95E63}"
EndProject
Project("{FAE04EC0-301F-11D3-BF4B-00C04F79EFBC}") = "MyAPI.Test", "MyAPI.Test\MyAPI.Test.csproj", "{D63B4174-DA6F-4D6A-88FC-35C6E4C01EE8}"
EndProject
Global
	GlobalSection(SolutionConfigurationPlatforms) = preSolution
		Debug|Any CPU = Debug|Any CPU
		Release|Any CPU = Release|Any CPU
	EndGlobalSection
	GlobalSection(ProjectConfigurationPlatforms) = postSolution
		{1DA27D3B-D624-460C-A15A-6B6208E95E63}.Debug|Any CPU.ActiveCfg = Debug|Any CPU
		{1DA27D3B-D624-460C-A15A-6B6208E95E63}.Debug|Any CPU.Build.0 = Debug|Any CPU
		{1DA27D3B-D624-460C-A15A-6B6208E95E63}.Release|Any CPU.ActiveCfg = Release|Any CPU
		{1DA27D3B-D624-460C-A15A-6B6208E95E63}.Release|Any CPU.Build.0 = Release|Any CPU
		{D63B4174-DA6F-4D6A-88FC-35C6E4C01EE8}.Debug|Any CPU.ActiveCfg = Debug|Any CPU
		{D63B4174-DA6F-4D6A-88FC-35C6E4C01EE8}.Debug|Any CPU.Build.0 = Debug|Any CPU
		{D63B4174-DA6F-4D6A-88FC-35C6E4C01EE8}.Release|Any CPU.ActiveCfg = Release|Any CPU
		{D63B4174-DA6F-4D6A-88FC-35C6E4C01EE8}.Release|Any CPU.Build.0 = Release|Any CPU
	EndGlobalSection
	GlobalSection(SolutionProperties) = preSolution
		HideSolutionNode = FALSE
	EndGlobalSection
	GlobalSection(ExtensibilityGlobals) = postSolution
		SolutionGuid = {E4B6E7B0-1638-4471-98C0-1446AA587D8D}
	EndGlobalSection
EndGlobal
